
Microsoft Visual Studio Solution File, Format Version 12.00
# Visual Studio Version 17
VisualStudioVersion = 17.14.36202.13 d17.14
MinimumVisualStudioVersion = 10.0.40219.1
Project("{FAE04EC0-301F-11D3-BF4B-00C04F79EFBC}") = "BlazorBiblioteca", "BlazorBiblioteca\BlazorBiblioteca\BlazorBiblioteca.csproj", "{C4ED0626-8DA6-40C7-B26B-839BE907CD93}"
EndProject
Project("{FAE04EC0-301F-11D3-BF4B-00C04F79EFBC}") = "BlazorBiblioteca.Client", "BlazorBiblioteca\BlazorBiblioteca.Client\BlazorBiblioteca.Client.csproj", "{CB778CDB-8977-4CBB-8CB8-B6073D126FAE}"
EndProject
Project("{FAE04EC0-301F-11D3-BF4B-00C04F79EFBC}") = "BlazorBiblioteca.Shared", "BlazorBiblioteca.Shared\BlazorBiblioteca.Shared.csproj", "{ED060625-D0D9-4220-974F-296F96AE893B}"
EndProject
Global
	GlobalSection(SolutionConfigurationPlatforms) = preSolution
		Debug|Any CPU = Debug|Any CPU
		Release|Any CPU = Release|Any CPU
	EndGlobalSection
	GlobalSection(ProjectConfigurationPlatforms) = postSolution
		{C4ED0626-8DA6-40C7-B26B-839BE907CD93}.Debug|Any CPU.ActiveCfg = Debug|Any CPU
		{C4ED0626-8DA6-40C7-B26B-839BE907CD93}.Debug|Any CPU.Build.0 = Debug|Any CPU
		{C4ED0626-8DA6-40C7-B26B-839BE907CD93}.Release|Any CPU.ActiveCfg = Release|Any CPU
		{C4ED0626-8DA6-40C7-B26B-839BE907CD93}.Release|Any CPU.Build.0 = Release|Any CPU
		{CB778CDB-8977-4CBB-8CB8-B6073D126FAE}.Debug|Any CPU.ActiveCfg = Debug|Any CPU
		{CB778CDB-8977-4CBB-8CB8-B6073D126FAE}.Debug|Any CPU.Build.0 = Debug|Any CPU
		{CB778CDB-8977-4CBB-8CB8-B6073D126FAE}.Release|Any CPU.ActiveCfg = Release|Any CPU
		{CB778CDB-8977-4CBB-8CB8-B6073D126FAE}.Release|Any CPU.Build.0 = Release|Any CPU
		{ED060625-D0D9-4220-974F-296F96AE893B}.Debug|Any CPU.ActiveCfg = Debug|Any CPU
		{ED060625-D0D9-4220-974F-296F96AE893B}.Debug|Any CPU.Build.0 = Debug|Any CPU
		{ED060625-D0D9-4220-974F-296F96AE893B}.Release|Any CPU.ActiveCfg = Release|Any CPU
		{ED060625-D0D9-4220-974F-296F96AE893B}.Release|Any CPU.Build.0 = Release|Any CPU
	EndGlobalSection
	GlobalSection(SolutionProperties) = preSolution
		HideSolutionNode = FALSE
	EndGlobalSection
	GlobalSection(ExtensibilityGlobals) = postSolution
		SolutionGuid = {B64C69E3-C3DA-45CF-A85A-CA033CCBB675}
	EndGlobalSection
EndGlobal
